# THIS IS AN AUTOGENERATED FILE. DO NOT EDIT THIS FILE DIRECTLY.
# yarn lockfile v1


"@types/node@^13.5.0":
  version "13.5.0"
  resolved "https://registry.yarnpkg.com/@types/node/-/node-13.5.0.tgz#4e498dbf355795a611a87ae5ef811a8660d42662"
  integrity sha512-Onhn+z72D2O2Pb2ql2xukJ55rglumsVo1H6Fmyi8mlU9SvKdBk/pUSUAiBY/d9bAOF7VVWajX3sths/+g6ZiAQ==

paper@0.12.3:
  version "0.12.3"
  resolved "https://registry.yarnpkg.com/paper/-/paper-0.12.3.tgz#7274a31c17b8998ab0d98207fcf25a8f25f4c18d"
  integrity sha512-MBlJ0xKFkU/K0eTk2VoAlNbqbfp7MJMVw7gF6v0pveXrBXrJ+1842YLTm07jjjbVJaQZnLvtecDf6Mbazc3jig==
